
Microsoft Visual Studio Solution File, Format Version 12.00
# Visual Studio Version 16
VisualStudioVersion = 16.0.30907.101
MinimumVisualStudioVersion = 10.0.40219.1
Project("{FAE04EC0-301F-11D3-BF4B-00C04F79EFBC}") = "CalculationServiceAPI", "CalculationServiceAPI\CalculationServiceAPI.csproj", "{99B56BD8-0108-4B80-83C8-8F4EC95A8998}"
EndProject
Global
	GlobalSection(SolutionConfigurationPlatforms) = preSolution
		Debug|Any CPU = Debug|Any CPU
		Release|Any CPU = Release|Any CPU
	EndGlobalSection
	GlobalSection(ProjectConfigurationPlatforms) = postSolution
		{99B56BD8-0108-4B80-83C8-8F4EC95A8998}.Debug|Any CPU.ActiveCfg = Debug|Any CPU
		{99B56BD8-0108-4B80-83C8-8F4EC95A8998}.Debug|Any CPU.Build.0 = Debug|Any CPU
		{99B56BD8-0108-4B80-83C8-8F4EC95A8998}.Release|Any CPU.ActiveCfg = Release|Any CPU
		{99B56BD8-0108-4B80-83C8-8F4EC95A8998}.Release|Any CPU.Build.0 = Release|Any CPU
	EndGlobalSection
	GlobalSection(SolutionProperties) = preSolution
		HideSolutionNode = FALSE
	EndGlobalSection
	GlobalSection(ExtensibilityGlobals) = postSolution
		SolutionGuid = {480A2911-9BED-4D6D-89AB-BE3ACA1BDD0E}
	EndGlobalSection
EndGlobal
